// !$*UTF8*$!
{
	archiveVersion = 1;
	classes = {
	};
	objectVersion = 55;
	objects = {

/* Begin PBXBuildFile section */
		8D40BAF62766594C00FA8874 /* NetworkTramwayStops.swift in Sources */ = {isa = PBXBuildFile; fileRef = 8D40BAF52766594C00FA8874 /* NetworkTramwayStops.swift */; };
		8D40BAFA2766659D00FA8874 /* StopDetailView.swift in Sources */ = {isa = PBXBuildFile; fileRef = 8D40BAF92766659D00FA8874 /* StopDetailView.swift */; };
		8D46239A27F09DD0009FD35C /* CloudKit.framework in Frameworks */ = {isa = PBXBuildFile; fileRef = 8D46239927F09DD0009FD35C /* CloudKit.framework */; };
		8D7BA01D2751312400D1D0E1 /* TranviaZGZApp.swift in Sources */ = {isa = PBXBuildFile; fileRef = 8D7BA01C2751312400D1D0E1 /* TranviaZGZApp.swift */; };
		8D7BA01F2751312400D1D0E1 /* ContentView.swift in Sources */ = {isa = PBXBuildFile; fileRef = 8D7BA01E2751312400D1D0E1 /* ContentView.swift */; };
		8D7BA0212751312500D1D0E1 /* Assets.xcassets in Resources */ = {isa = PBXBuildFile; fileRef = 8D7BA0202751312500D1D0E1 /* Assets.xcassets */; };
		8D7BA0242751312500D1D0E1 /* Preview Assets.xcassets in Resources */ = {isa = PBXBuildFile; fileRef = 8D7BA0232751312500D1D0E1 /* Preview Assets.xcassets */; };
		8D7BA0262751312500D1D0E1 /* Persistence.swift in Sources */ = {isa = PBXBuildFile; fileRef = 8D7BA0252751312500D1D0E1 /* Persistence.swift */; };
		8D7BA0292751312500D1D0E1 /* TranviaZGZ.xcdatamodeld in Sources */ = {isa = PBXBuildFile; fileRef = 8D7BA0272751312500D1D0E1 /* TranviaZGZ.xcdatamodeld */; };
		8D7BA04C27515BDF00D1D0E1 /* MapView.swift in Sources */ = {isa = PBXBuildFile; fileRef = 8D7BA04B27515BDF00D1D0E1 /* MapView.swift */; };
		8D7BA04E2751617400D1D0E1 /* FavoriteListView.swift in Sources */ = {isa = PBXBuildFile; fileRef = 8D7BA04D2751617400D1D0E1 /* FavoriteListView.swift */; };
		8D7FF4BE2766A77A0048120D /* ApiClient.swift in Sources */ = {isa = PBXBuildFile; fileRef = 8D7FF4BD2766A77A0048120D /* ApiClient.swift */; };
		8D7FF4C12766A7C90048120D /* Result.swift in Sources */ = {isa = PBXBuildFile; fileRef = 8D7FF4C02766A7C90048120D /* Result.swift */; };
		8D7FF4C32766A7F60048120D /* NetworkError.swift in Sources */ = {isa = PBXBuildFile; fileRef = 8D7FF4C22766A7F60048120D /* NetworkError.swift */; };
		8D7FF4C52766A9F10048120D /* StopsViewModel.swift in Sources */ = {isa = PBXBuildFile; fileRef = 8D7FF4C42766A9F10048120D /* StopsViewModel.swift */; };
		8DA82B4E275942D7007BA8E2 /* MapViewModel.swift in Sources */ = {isa = PBXBuildFile; fileRef = 8DA82B4D275942D7007BA8E2 /* MapViewModel.swift */; };
		8DA82B512759756E007BA8E2 /* LoadingView.swift in Sources */ = {isa = PBXBuildFile; fileRef = 8DA82B502759756E007BA8E2 /* LoadingView.swift */; };
		8DA82B54275978F7007BA8E2 /* View+Hidden.swift in Sources */ = {isa = PBXBuildFile; fileRef = 8DA82B53275978F7007BA8E2 /* View+Hidden.swift */; };
/* End PBXBuildFile section */

/* Begin PBXFileReference section */
		8D40BAF52766594C00FA8874 /* NetworkTramwayStops.swift */ = {isa = PBXFileReference; lastKnownFileType = sourcecode.swift; path = NetworkTramwayStops.swift; sourceTree = "<group>"; };
		8D40BAF92766659D00FA8874 /* StopDetailView.swift */ = {isa = PBXFileReference; lastKnownFileType = sourcecode.swift; path = StopDetailView.swift; sourceTree = "<group>"; };
		8D46239727F09D96009FD35C /* TranviaZGZ.entitlements */ = {isa = PBXFileReference; lastKnownFileType = text.plist.entitlements; path = TranviaZGZ.entitlements; sourceTree = "<group>"; };
		8D46239927F09DD0009FD35C /* CloudKit.framework */ = {isa = PBXFileReference; lastKnownFileType = wrapper.framework; name = CloudKit.framework; path = System/Library/Frameworks/CloudKit.framework; sourceTree = SDKROOT; };
		8D7BA0192751312400D1D0E1 /* TranviaZGZ.app */ = {isa = PBXFileReference; explicitFileType = wrapper.application; includeInIndex = 0; path = TranviaZGZ.app; sourceTree = BUILT_PRODUCTS_DIR; };
		8D7BA01C2751312400D1D0E1 /* TranviaZGZApp.swift */ = {isa = PBXFileReference; lastKnownFileType = sourcecode.swift; path = TranviaZGZApp.swift; sourceTree = "<group>"; };
		8D7BA01E2751312400D1D0E1 /* ContentView.swift */ = {isa = PBXFileReference; lastKnownFileType = sourcecode.swift; path = ContentView.swift; sourceTree = "<group>"; };
		8D7BA0202751312500D1D0E1 /* Assets.xcassets */ = {isa = PBXFileReference; lastKnownFileType = folder.assetcatalog; path = Assets.xcassets; sourceTree = "<group>"; };
		8D7BA0232751312500D1D0E1 /* Preview Assets.xcassets */ = {isa = PBXFileReference; lastKnownFileType = folder.assetcatalog; path = "Preview Assets.xcassets"; sourceTree = "<group>"; };
		8D7BA0252751312500D1D0E1 /* Persistence.swift */ = {isa = PBXFileReference; lastKnownFileType = sourcecode.swift; path = Persistence.swift; sourceTree = "<group>"; };
		8D7BA0282751312500D1D0E1 /* TranviaZGZ.xcdatamodel */ = {isa = PBXFileReference; lastKnownFileType = wrapper.xcdatamodel; path = TranviaZGZ.xcdatamodel; sourceTree = "<group>"; };
		8D7BA04B27515BDF00D1D0E1 /* MapView.swift */ = {isa = PBXFileReference; lastKnownFileType = sourcecode.swift; path = MapView.swift; sourceTree = "<group>"; };
		8D7BA04D2751617400D1D0E1 /* FavoriteListView.swift */ = {isa = PBXFileReference; lastKnownFileType = sourcecode.swift; path = FavoriteListView.swift; sourceTree = "<group>"; };
		8D7FF4BD2766A77A0048120D /* ApiClient.swift */ = {isa = PBXFileReference; lastKnownFileType = sourcecode.swift; path = ApiClient.swift; sourceTree = "<group>"; };
		8D7FF4C02766A7C90048120D /* Result.swift */ = {isa = PBXFileReference; lastKnownFileType = sourcecode.swift; path = Result.swift; sourceTree = "<group>"; };
		8D7FF4C22766A7F60048120D /* NetworkError.swift */ = {isa = PBXFileReference; lastKnownFileType = sourcecode.swift; path = NetworkError.swift; sourceTree = "<group>"; };
		8D7FF4C42766A9F10048120D /* StopsViewModel.swift */ = {isa = PBXFileReference; lastKnownFileType = sourcecode.swift; path = StopsViewModel.swift; sourceTree = "<group>"; };
		8DA82B4D275942D7007BA8E2 /* MapViewModel.swift */ = {isa = PBXFileReference; fileEncoding = 4; lastKnownFileType = sourcecode.swift; path = MapViewModel.swift; sourceTree = "<group>"; };
		8DA82B502759756E007BA8E2 /* LoadingView.swift */ = {isa = PBXFileReference; lastKnownFileType = sourcecode.swift; path = LoadingView.swift; sourceTree = "<group>"; };
		8DA82B53275978F7007BA8E2 /* View+Hidden.swift */ = {isa = PBXFileReference; lastKnownFileType = sourcecode.swift; path = "View+Hidden.swift"; sourceTree = "<group>"; };
/* End PBXFileReference section */

/* Begin PBXFrameworksBuildPhase section */
		8D7BA0162751312400D1D0E1 /* Frameworks */ = {
			isa = PBXFrameworksBuildPhase;
			buildActionMask = 2147483647;
			files = (
				8D46239A27F09DD0009FD35C /* CloudKit.framework in Frameworks */,
			);
			runOnlyForDeploymentPostprocessing = 0;
		};
/* End PBXFrameworksBuildPhase section */

/* Begin PBXGroup section */
		8D40BAF32766590E00FA8874 /* Network */ = {
			isa = PBXGroup;
			children = (
				8D7FF4BF2766A7B30048120D /* Base */,
				8D40BAF42766592600FA8874 /* Model */,
				8D7FF4BD2766A77A0048120D /* ApiClient.swift */,
			);
			path = Network;
			sourceTree = "<group>";
		};
		8D40BAF42766592600FA8874 /* Model */ = {
			isa = PBXGroup;
			children = (
				8D40BAF52766594C00FA8874 /* NetworkTramwayStops.swift */,
			);
			path = Model;
			sourceTree = "<group>";
		};
		8D46239827F09DD0009FD35C /* Frameworks */ = {
			isa = PBXGroup;
			children = (
				8D46239927F09DD0009FD35C /* CloudKit.framework */,
			);
			name = Frameworks;
			sourceTree = "<group>";
		};
		8D7BA0102751312400D1D0E1 = {
			isa = PBXGroup;
			children = (
				8D7BA01B2751312400D1D0E1 /* TranviaZGZ */,
				8D7BA01A2751312400D1D0E1 /* Products */,
				8D46239827F09DD0009FD35C /* Frameworks */,
			);
			sourceTree = "<group>";
		};
		8D7BA01A2751312400D1D0E1 /* Products */ = {
			isa = PBXGroup;
			children = (
				8D7BA0192751312400D1D0E1 /* TranviaZGZ.app */,
			);
			name = Products;
			sourceTree = "<group>";
		};
		8D7BA01B2751312400D1D0E1 /* TranviaZGZ */ = {
			isa = PBXGroup;
			children = (
				8D46239727F09D96009FD35C /* TranviaZGZ.entitlements */,
				8D40BAF32766590E00FA8874 /* Network */,
				8DA82B52275978DF007BA8E2 /* Extensions */,
				8DA82B4F27597553007BA8E2 /* Views */,
				8D7BA01C2751312400D1D0E1 /* TranviaZGZApp.swift */,
				8D7BA01E2751312400D1D0E1 /* ContentView.swift */,
				8D7BA04B27515BDF00D1D0E1 /* MapView.swift */,
				8DA82B4D275942D7007BA8E2 /* MapViewModel.swift */,
				8D7FF4C42766A9F10048120D /* StopsViewModel.swift */,
				8D40BAF92766659D00FA8874 /* StopDetailView.swift */,
				8D7BA04D2751617400D1D0E1 /* FavoriteListView.swift */,
				8D7BA0202751312500D1D0E1 /* Assets.xcassets */,
				8D7BA0252751312500D1D0E1 /* Persistence.swift */,
				8D7BA0272751312500D1D0E1 /* TranviaZGZ.xcdatamodeld */,
				8D7BA0222751312500D1D0E1 /* Preview Content */,
			);
			path = TranviaZGZ;
			sourceTree = "<group>";
		};
		8D7BA0222751312500D1D0E1 /* Preview Content */ = {
			isa = PBXGroup;
			children = (
				8D7BA0232751312500D1D0E1 /* Preview Assets.xcassets */,
			);
			path = "Preview Content";
			sourceTree = "<group>";
		};
		8D7FF4BF2766A7B30048120D /* Base */ = {
			isa = PBXGroup;
			children = (
				8D7FF4C02766A7C90048120D /* Result.swift */,
				8D7FF4C22766A7F60048120D /* NetworkError.swift */,
			);
			path = Base;
			sourceTree = "<group>";
		};
		8DA82B4F27597553007BA8E2 /* Views */ = {
			isa = PBXGroup;
			children = (
				8DA82B502759756E007BA8E2 /* LoadingView.swift */,
			);
			path = Views;
			sourceTree = "<group>";
		};
		8DA82B52275978DF007BA8E2 /* Extensions */ = {
			isa = PBXGroup;
			children = (
				8DA82B53275978F7007BA8E2 /* View+Hidden.swift */,
			);
			path = Extensions;
			sourceTree = "<group>";
		};
/* End PBXGroup section */

/* Begin PBXNativeTarget section */
		8D7BA0182751312400D1D0E1 /* TranviaZGZ */ = {
			isa = PBXNativeTarget;
			buildConfigurationList = 8D7BA02C2751312500D1D0E1 /* Build configuration list for PBXNativeTarget "TranviaZGZ" */;
			buildPhases = (
				8D7BA0152751312400D1D0E1 /* Sources */,
				8D7BA0162751312400D1D0E1 /* Frameworks */,
				8D7BA0172751312400D1D0E1 /* Resources */,
			);
			buildRules = (
			);
			dependencies = (
			);
			name = TranviaZGZ;
			productName = TranviaZGZ;
			productReference = 8D7BA0192751312400D1D0E1 /* TranviaZGZ.app */;
			productType = "com.apple.product-type.application";
		};
/* End PBXNativeTarget section */

/* Begin PBXProject section */
		8D7BA0112751312400D1D0E1 /* Project object */ = {
			isa = PBXProject;
			attributes = {
				BuildIndependentTargetsInParallel = 1;
				LastSwiftUpdateCheck = 1310;
				LastUpgradeCheck = 1310;
				TargetAttributes = {
					8D7BA0182751312400D1D0E1 = {
						CreatedOnToolsVersion = 13.1;
					};
				};
			};
			buildConfigurationList = 8D7BA0142751312400D1D0E1 /* Build configuration list for PBXProject "TranviaZGZ" */;
			compatibilityVersion = "Xcode 13.0";
			developmentRegion = en;
			hasScannedForEncodings = 0;
			knownRegions = (
				en,
				Base,
			);
			mainGroup = 8D7BA0102751312400D1D0E1;
			productRefGroup = 8D7BA01A2751312400D1D0E1 /* Products */;
			projectDirPath = "";
			projectRoot = "";
			targets = (
				8D7BA0182751312400D1D0E1 /* TranviaZGZ */,
			);
		};
/* End PBXProject section */

/* Begin PBXResourcesBuildPhase section */
		8D7BA0172751312400D1D0E1 /* Resources */ = {
			isa = PBXResourcesBuildPhase;
			buildActionMask = 2147483647;
			files = (
				8D7BA0242751312500D1D0E1 /* Preview Assets.xcassets in Resources */,
				8D7BA0212751312500D1D0E1 /* Assets.xcassets in Resources */,
			);
			runOnlyForDeploymentPostprocessing = 0;
		};
/* End PBXResourcesBuildPhase section */

/* Begin PBXSourcesBuildPhase section */
		8D7BA0152751312400D1D0E1 /* Sources */ = {
			isa = PBXSourcesBuildPhase;
			buildActionMask = 2147483647;
			files = (
				8D40BAFA2766659D00FA8874 /* StopDetailView.swift in Sources */,
				8D7FF4C32766A7F60048120D /* NetworkError.swift in Sources */,
				8D7FF4C12766A7C90048120D /* Result.swift in Sources */,
				8D7BA0262751312500D1D0E1 /* Persistence.swift in Sources */,
				8D7BA01F2751312400D1D0E1 /* ContentView.swift in Sources */,
				8D7BA04E2751617400D1D0E1 /* FavoriteListView.swift in Sources */,
				8D7FF4C52766A9F10048120D /* StopsViewModel.swift in Sources */,
				8DA82B54275978F7007BA8E2 /* View+Hidden.swift in Sources */,
				8D40BAF62766594C00FA8874 /* NetworkTramwayStops.swift in Sources */,
				8DA82B4E275942D7007BA8E2 /* MapViewModel.swift in Sources */,
				8D7BA04C27515BDF00D1D0E1 /* MapView.swift in Sources */,
				8DA82B512759756E007BA8E2 /* LoadingView.swift in Sources */,
				8D7BA01D2751312400D1D0E1 /* TranviaZGZApp.swift in Sources */,
				8D7BA0292751312500D1D0E1 /* TranviaZGZ.xcdatamodeld in Sources */,
				8D7FF4BE2766A77A0048120D /* ApiClient.swift in Sources */,
			);
			runOnlyForDeploymentPostprocessing = 0;
		};
/* End PBXSourcesBuildPhase section */

/* Begin XCBuildConfiguration section */
		8D7BA02A2751312500D1D0E1 /* Debug */ = {
			isa = XCBuildConfiguration;
			buildSettings = {
				ALWAYS_SEARCH_USER_PATHS = NO;
				CLANG_ANALYZER_NONNULL = YES;
				CLANG_ANALYZER_NUMBER_OBJECT_CONVERSION = YES_AGGRESSIVE;
				CLANG_CXX_LANGUAGE_STANDARD = "gnu++17";
				CLANG_CXX_LIBRARY = "libc++";
				CLANG_ENABLE_MODULES = YES;
				CLANG_ENABLE_OBJC_ARC = YES;
				CLANG_ENABLE_OBJC_WEAK = YES;
				CLANG_WARN_BLOCK_CAPTURE_AUTORELEASING = YES;
				CLANG_WARN_BOOL_CONVERSION = YES;
				CLANG_WARN_COMMA = YES;
				CLANG_WARN_CONSTANT_CONVERSION = YES;
				CLANG_WARN_DEPRECATED_OBJC_IMPLEMENTATIONS = YES;
				CLANG_WARN_DIRECT_OBJC_ISA_USAGE = YES_ERROR;
				CLANG_WARN_DOCUMENTATION_COMMENTS = YES;
				CLANG_WARN_EMPTY_BODY = YES;
				CLANG_WARN_ENUM_CONVERSION = YES;
				CLANG_WARN_INFINITE_RECURSION = YES;
				CLANG_WARN_INT_CONVERSION = YES;
				CLANG_WARN_NON_LITERAL_NULL_CONVERSION = YES;
				CLANG_WARN_OBJC_IMPLICIT_RETAIN_SELF = YES;
				CLANG_WARN_OBJC_LITERAL_CONVERSION = YES;
				CLANG_WARN_OBJC_ROOT_CLASS = YES_ERROR;
				CLANG_WARN_QUOTED_INCLUDE_IN_FRAMEWORK_HEADER = YES;
				CLANG_WARN_RANGE_LOOP_ANALYSIS = YES;
				CLANG_WARN_STRICT_PROTOTYPES = YES;
				CLANG_WARN_SUSPICIOUS_MOVE = YES;
				CLANG_WARN_UNGUARDED_AVAILABILITY = YES_AGGRESSIVE;
				CLANG_WARN_UNREACHABLE_CODE = YES;
				CLANG_WARN__DUPLICATE_METHOD_MATCH = YES;
				COPY_PHASE_STRIP = NO;
				DEBUG_INFORMATION_FORMAT = dwarf;
				ENABLE_STRICT_OBJC_MSGSEND = YES;
				ENABLE_TESTABILITY = YES;
				GCC_C_LANGUAGE_STANDARD = gnu11;
				GCC_DYNAMIC_NO_PIC = NO;
				GCC_NO_COMMON_BLOCKS = YES;
				GCC_OPTIMIZATION_LEVEL = 0;
				GCC_PREPROCESSOR_DEFINITIONS = (
					"DEBUG=1",
					"$(inherited)",
				);
				GCC_WARN_64_TO_32_BIT_CONVERSION = YES;
				GCC_WARN_ABOUT_RETURN_TYPE = YES_ERROR;
				GCC_WARN_UNDECLARED_SELECTOR = YES;
				GCC_WARN_UNINITIALIZED_AUTOS = YES_AGGRESSIVE;
				GCC_WARN_UNUSED_FUNCTION = YES;
				GCC_WARN_UNUSED_VARIABLE = YES;
				IPHONEOS_DEPLOYMENT_TARGET = 15.0;
				MTL_ENABLE_DEBUG_INFO = INCLUDE_SOURCE;
				MTL_FAST_MATH = YES;
				ONLY_ACTIVE_ARCH = YES;
				SDKROOT = iphoneos;
				SWIFT_ACTIVE_COMPILATION_CONDITIONS = DEBUG;
				SWIFT_OPTIMIZATION_LEVEL = "-Onone";
			};
			name = Debug;
		};
		8D7BA02B2751312500D1D0E1 /* Release */ = {
			isa = XCBuildConfiguration;
			buildSettings = {
				ALWAYS_SEARCH_USER_PATHS = NO;
				CLANG_ANALYZER_NONNULL = YES;
				CLANG_ANALYZER_NUMBER_OBJECT_CONVERSION = YES_AGGRESSIVE;
				CLANG_CXX_LANGUAGE_STANDARD = "gnu++17";
				CLANG_CXX_LIBRARY = "libc++";
				CLANG_ENABLE_MODULES = YES;
				CLANG_ENABLE_OBJC_ARC = YES;
				CLANG_ENABLE_OBJC_WEAK = YES;
				CLANG_WARN_BLOCK_CAPTURE_AUTORELEASING = YES;
				CLANG_WARN_BOOL_CONVERSION = YES;
				CLANG_WARN_COMMA = YES;
				CLANG_WARN_CONSTANT_CONVERSION = YES;
				CLANG_WARN_DEPRECATED_OBJC_IMPLEMENTATIONS = YES;
				CLANG_WARN_DIRECT_OBJC_ISA_USAGE = YES_ERROR;
				CLANG_WARN_DOCUMENTATION_COMMENTS = YES;
				CLANG_WARN_EMPTY_BODY = YES;
				CLANG_WARN_ENUM_CONVERSION = YES;
				CLANG_WARN_INFINITE_RECURSION = YES;
				CLANG_WARN_INT_CONVERSION = YES;
				CLANG_WARN_NON_LITERAL_NULL_CONVERSION = YES;
				CLANG_WARN_OBJC_IMPLICIT_RETAIN_SELF = YES;
				CLANG_WARN_OBJC_LITERAL_CONVERSION = YES;
				CLANG_WARN_OBJC_ROOT_CLASS = YES_ERROR;
				CLANG_WARN_QUOTED_INCLUDE_IN_FRAMEWORK_HEADER = YES;
				CLANG_WARN_RANGE_LOOP_ANALYSIS = YES;
				CLANG_WARN_STRICT_PROTOTYPES = YES;
				CLANG_WARN_SUSPICIOUS_MOVE = YES;
				CLANG_WARN_UNGUARDED_AVAILABILITY = YES_AGGRESSIVE;
				CLANG_WARN_UNREACHABLE_CODE = YES;
				CLANG_WARN__DUPLICATE_METHOD_MATCH = YES;
				COPY_PHASE_STRIP = NO;
				DEBUG_INFORMATION_FORMAT = "dwarf-with-dsym";
				ENABLE_NS_ASSERTIONS = NO;
				ENABLE_STRICT_OBJC_MSGSEND = YES;
				GCC_C_LANGUAGE_STANDARD = gnu11;
				GCC_NO_COMMON_BLOCKS = YES;
				GCC_WARN_64_TO_32_BIT_CONVERSION = YES;
				GCC_WARN_ABOUT_RETURN_TYPE = YES_ERROR;
				GCC_WARN_UNDECLARED_SELECTOR = YES;
				GCC_WARN_UNINITIALIZED_AUTOS = YES_AGGRESSIVE;
				GCC_WARN_UNUSED_FUNCTION = YES;
				GCC_WARN_UNUSED_VARIABLE = YES;
				IPHONEOS_DEPLOYMENT_TARGET = 15.0;
				MTL_ENABLE_DEBUG_INFO = NO;
				MTL_FAST_MATH = YES;
				SDKROOT = iphoneos;
				SWIFT_COMPILATION_MODE = wholemodule;
				SWIFT_OPTIMIZATION_LEVEL = "-O";
				VALIDATE_PRODUCT = YES;
			};
			name = Release;
		};
		8D7BA02D2751312500D1D0E1 /* Debug */ = {
			isa = XCBuildConfiguration;
			buildSettings = {
				ASSETCATALOG_COMPILER_APPICON_NAME = AppIcon;
				ASSETCATALOG_COMPILER_GLOBAL_ACCENT_COLOR_NAME = AccentColor;
				CODE_SIGN_ENTITLEMENTS = TranviaZGZ/TranviaZGZ.entitlements;
				CODE_SIGN_STYLE = Automatic;
				CURRENT_PROJECT_VERSION = 1;
				DEVELOPMENT_ASSET_PATHS = "\"TranviaZGZ/Preview Content\"";
				DEVELOPMENT_TEAM = RDV2KJUFH7;
				ENABLE_PREVIEWS = YES;
				GENERATE_INFOPLIST_FILE = YES;
				INFOPLIST_KEY_NSLocationWhenInUseUsageDescription = "We need your location in order to localize you in the map.";
				INFOPLIST_KEY_UIApplicationSceneManifest_Generation = YES;
				INFOPLIST_KEY_UIApplicationSupportsIndirectInputEvents = YES;
				INFOPLIST_KEY_UILaunchScreen_Generation = YES;
				INFOPLIST_KEY_UISupportedInterfaceOrientations_iPad = "UIInterfaceOrientationPortrait UIInterfaceOrientationPortraitUpsideDown UIInterfaceOrientationLandscapeLeft UIInterfaceOrientationLandscapeRight";
				INFOPLIST_KEY_UISupportedInterfaceOrientations_iPhone = "UIInterfaceOrientationPortrait UIInterfaceOrientationLandscapeLeft UIInterfaceOrientationLandscapeRight";
				LD_RUNPATH_SEARCH_PATHS = (
					"$(inherited)",
					"@executable_path/Frameworks",
				);
				MARKETING_VERSION = 1.0;
				PRODUCT_BUNDLE_IDENTIFIER = es.usj.learningCloudKit;
				PRODUCT_NAME = "$(TARGET_NAME)";
				SWIFT_EMIT_LOC_STRINGS = YES;
				SWIFT_VERSION = 5.0;
				TARGETED_DEVICE_FAMILY = "1,2";
			};
			name = Debug;
		};
		8D7BA02E2751312500D1D0E1 /* Release */ = {
			isa = XCBuildConfiguration;
			buildSettings = {
				ASSETCATALOG_COMPILER_APPICON_NAME = AppIcon;
				ASSETCATALOG_COMPILER_GLOBAL_ACCENT_COLOR_NAME = AccentColor;
				CODE_SIGN_ENTITLEMENTS = TranviaZGZ/TranviaZGZ.entitlements;
				CODE_SIGN_STYLE = Automatic;
				CURRENT_PROJECT_VERSION = 1;
				DEVELOPMENT_ASSET_PATHS = "\"TranviaZGZ/Preview Content\"";
				DEVELOPMENT_TEAM = RDV2KJUFH7;
				ENABLE_PREVIEWS = YES;
				GENERATE_INFOPLIST_FILE = YES;
				INFOPLIST_KEY_NSLocationWhenInUseUsageDescription = "We need your location in order to localize you in the map.";
				INFOPLIST_KEY_UIApplicationSceneManifest_Generation = YES;
				INFOPLIST_KEY_UIApplicationSupportsIndirectInputEvents = YES;
				INFOPLIST_KEY_UILaunchScreen_Generation = YES;
				INFOPLIST_KEY_UISupportedInterfaceOrientations_iPad = "UIInterfaceOrientationPortrait UIInterfaceOrientationPortraitUpsideDown UIInterfaceOrientationLandscapeLeft UIInterfaceOrientationLandscapeRight";
				INFOPLIST_KEY_UISupportedInterfaceOrientations_iPhone = "UIInterfaceOrientationPortrait UIInterfaceOrientationLandscapeLeft UIInterfaceOrientationLandscapeRight";
				LD_RUNPATH_SEARCH_PATHS = (
					"$(inherited)",
					"@executable_path/Frameworks",
				);
				MARKETING_VERSION = 1.0;
				PRODUCT_BUNDLE_IDENTIFIER = es.usj.learningCloudKit;
				PRODUCT_NAME = "$(TARGET_NAME)";
				SWIFT_EMIT_LOC_STRINGS = YES;
				SWIFT_VERSION = 5.0;
				TARGETED_DEVICE_FAMILY = "1,2";
			};
			name = Release;
		};
/* End XCBuildConfiguration section */

/* Begin XCConfigurationList section */
		8D7BA0142751312400D1D0E1 /* Build configuration list for PBXProject "TranviaZGZ" */ = {
			isa = XCConfigurationList;
			buildConfigurations = (
				8D7BA02A2751312500D1D0E1 /* Debug */,
				8D7BA02B2751312500D1D0E1 /* Release */,
			);
			defaultConfigurationIsVisible = 0;
			defaultConfigurationName = Release;
		};
		8D7BA02C2751312500D1D0E1 /* Build configuration list for PBXNativeTarget "TranviaZGZ" */ = {
			isa = XCConfigurationList;
			buildConfigurations = (
				8D7BA02D2751312500D1D0E1 /* Debug */,
				8D7BA02E2751312500D1D0E1 /* Release */,
			);
			defaultConfigurationIsVisible = 0;
			defaultConfigurationName = Release;
		};
/* End XCConfigurationList section */

/* Begin XCVersionGroup section */
		8D7BA0272751312500D1D0E1 /* TranviaZGZ.xcdatamodeld */ = {
			isa = XCVersionGroup;
			children = (
				8D7BA0282751312500D1D0E1 /* TranviaZGZ.xcdatamodel */,
			);
			currentVersion = 8D7BA0282751312500D1D0E1 /* TranviaZGZ.xcdatamodel */;
			path = TranviaZGZ.xcdatamodeld;
			sourceTree = "<group>";
			versionGroupType = wrapper.xcdatamodel;
		};
/* End XCVersionGroup section */
	};
	rootObject = 8D7BA0112751312400D1D0E1 /* Project object */;
}
